
Microsoft Visual Studio Solution File, Format Version 12.00
# Visual Studio Version 16
VisualStudioVersion = 16.0.30717.126
MinimumVisualStudioVersion = 10.0.40219.1
Project("{9A19103F-16F7-4668-BE54-9A1E7A4F7556}") = "DotnetCoreBddExample.Tests", "DotnetCoreBddExample.Tests\DotnetCoreBddExample.Tests.csproj", "{014ADE51-B75E-4E29-B433-4F0D54379778}"
EndProject
Project("{9A19103F-16F7-4668-BE54-9A1E7A4F7556}") = "WebAPICore", "WebAPICore\WebAPICore\WebAPICore.csproj", "{E5647374-2E42-4744-AD46-57E7D7CBBC97}"
EndProject
Global
	GlobalSection(SolutionConfigurationPlatforms) = preSolution
		Debug|Any CPU = Debug|Any CPU
		Release|Any CPU = Release|Any CPU
	EndGlobalSection
	GlobalSection(ProjectConfigurationPlatforms) = postSolution
		{014ADE51-B75E-4E29-B433-4F0D54379778}.Debug|Any CPU.ActiveCfg = Debug|Any CPU
		{014ADE51-B75E-4E29-B433-4F0D54379778}.Debug|Any CPU.Build.0 = Debug|Any CPU
		{014ADE51-B75E-4E29-B433-4F0D54379778}.Release|Any CPU.ActiveCfg = Release|Any CPU
		{014ADE51-B75E-4E29-B433-4F0D54379778}.Release|Any CPU.Build.0 = Release|Any CPU
		{E5647374-2E42-4744-AD46-57E7D7CBBC97}.Debug|Any CPU.ActiveCfg = Debug|Any CPU
		{E5647374-2E42-4744-AD46-57E7D7CBBC97}.Debug|Any CPU.Build.0 = Debug|Any CPU
		{E5647374-2E42-4744-AD46-57E7D7CBBC97}.Release|Any CPU.ActiveCfg = Release|Any CPU
		{E5647374-2E42-4744-AD46-57E7D7CBBC97}.Release|Any CPU.Build.0 = Release|Any CPU
	EndGlobalSection
	GlobalSection(SolutionProperties) = preSolution
		HideSolutionNode = FALSE
	EndGlobalSection
	GlobalSection(ExtensibilityGlobals) = postSolution
		SolutionGuid = {2DDCD29C-74F3-42D3-855A-491DF18095EA}
	EndGlobalSection
EndGlobal
